
Microsoft Visual Studio Solution File, Format Version 12.00
# Visual Studio Version 17
VisualStudioVersion = 17.0.31903.59
MinimumVisualStudioVersion = 10.0.40219.1
Project("{FAE04EC0-301F-11D3-BF4B-00C04F79EFBC}") = "API", "API\API.csproj", "{ECB01EFD-E5C9-4B19-9E84-B63D7823E278}"
EndProject
Project("{FAE04EC0-301F-11D3-BF4B-00C04F79EFBC}") = "Application", "Application\Application.csproj", "{6A748FAF-6AF1-4F21-8322-F3A859A64897}"
EndProject
Project("{FAE04EC0-301F-11D3-BF4B-00C04F79EFBC}") = "Domain", "Domain\Domain.csproj", "{71DD2D95-F35F-4FF0-8209-D452EBB3E673}"
EndProject
Project("{FAE04EC0-301F-11D3-BF4B-00C04F79EFBC}") = "Persistence", "Persistence\Persistence.csproj", "{97B143AF-BDAF-42B3-A014-9ABC83AFB5BB}"
EndProject
Global
	GlobalSection(SolutionConfigurationPlatforms) = preSolution
		Debug|Any CPU = Debug|Any CPU
		Release|Any CPU = Release|Any CPU
	EndGlobalSection
	GlobalSection(SolutionProperties) = preSolution
		HideSolutionNode = FALSE
	EndGlobalSection
	GlobalSection(ProjectConfigurationPlatforms) = postSolution
		{ECB01EFD-E5C9-4B19-9E84-B63D7823E278}.Debug|Any CPU.ActiveCfg = Debug|Any CPU
		{ECB01EFD-E5C9-4B19-9E84-B63D7823E278}.Debug|Any CPU.Build.0 = Debug|Any CPU
		{ECB01EFD-E5C9-4B19-9E84-B63D7823E278}.Release|Any CPU.ActiveCfg = Release|Any CPU
		{ECB01EFD-E5C9-4B19-9E84-B63D7823E278}.Release|Any CPU.Build.0 = Release|Any CPU
		{6A748FAF-6AF1-4F21-8322-F3A859A64897}.Debug|Any CPU.ActiveCfg = Debug|Any CPU
		{6A748FAF-6AF1-4F21-8322-F3A859A64897}.Debug|Any CPU.Build.0 = Debug|Any CPU
		{6A748FAF-6AF1-4F21-8322-F3A859A64897}.Release|Any CPU.ActiveCfg = Release|Any CPU
		{6A748FAF-6AF1-4F21-8322-F3A859A64897}.Release|Any CPU.Build.0 = Release|Any CPU
		{71DD2D95-F35F-4FF0-8209-D452EBB3E673}.Debug|Any CPU.ActiveCfg = Debug|Any CPU
		{71DD2D95-F35F-4FF0-8209-D452EBB3E673}.Debug|Any CPU.Build.0 = Debug|Any CPU
		{71DD2D95-F35F-4FF0-8209-D452EBB3E673}.Release|Any CPU.ActiveCfg = Release|Any CPU
		{71DD2D95-F35F-4FF0-8209-D452EBB3E673}.Release|Any CPU.Build.0 = Release|Any CPU
		{97B143AF-BDAF-42B3-A014-9ABC83AFB5BB}.Debug|Any CPU.ActiveCfg = Debug|Any CPU
		{97B143AF-BDAF-42B3-A014-9ABC83AFB5BB}.Debug|Any CPU.Build.0 = Debug|Any CPU
		{97B143AF-BDAF-42B3-A014-9ABC83AFB5BB}.Release|Any CPU.ActiveCfg = Release|Any CPU
		{97B143AF-BDAF-42B3-A014-9ABC83AFB5BB}.Release|Any CPU.Build.0 = Release|Any CPU
	EndGlobalSection
EndGlobal
